
Microsoft Visual Studio Solution File, Format Version 12.00
# Visual Studio Version 17
VisualStudioVersion = 17.0.31912.275
MinimumVisualStudioVersion = 10.0.40219.1
Project("{FAE04EC0-301F-11D3-BF4B-00C04F79EFBC}") = "WcfServiceContract", "WcfServiceContract\WcfServiceContract.csproj", "{5CB50EC1-2630-48DD-B9A1-79CD440F6377}"
EndProject
Project("{FAE04EC0-301F-11D3-BF4B-00C04F79EFBC}") = "KotkiServiceHost", "KotkiServiceHost\KotkiServiceHost.csproj", "{89667EA8-30A0-4D60-93BC-3C8D1FB7B753}"
EndProject
Project("{FAE04EC0-301F-11D3-BF4B-00C04F79EFBC}") = "KlientWcf", "KlientWcf\KlientWcf.csproj", "{EE853F6A-E2A3-49F4-8C73-EE24781F9478}"
EndProject
Global
	GlobalSection(SolutionConfigurationPlatforms) = preSolution
		Debug|Any CPU = Debug|Any CPU
		Release|Any CPU = Release|Any CPU
	EndGlobalSection
	GlobalSection(ProjectConfigurationPlatforms) = postSolution
		{5CB50EC1-2630-48DD-B9A1-79CD440F6377}.Debug|Any CPU.ActiveCfg = Debug|Any CPU
		{5CB50EC1-2630-48DD-B9A1-79CD440F6377}.Debug|Any CPU.Build.0 = Debug|Any CPU
		{5CB50EC1-2630-48DD-B9A1-79CD440F6377}.Release|Any CPU.ActiveCfg = Release|Any CPU
		{5CB50EC1-2630-48DD-B9A1-79CD440F6377}.Release|Any CPU.Build.0 = Release|Any CPU
		{89667EA8-30A0-4D60-93BC-3C8D1FB7B753}.Debug|Any CPU.ActiveCfg = Debug|Any CPU
		{89667EA8-30A0-4D60-93BC-3C8D1FB7B753}.Debug|Any CPU.Build.0 = Debug|Any CPU
		{89667EA8-30A0-4D60-93BC-3C8D1FB7B753}.Release|Any CPU.ActiveCfg = Release|Any CPU
		{89667EA8-30A0-4D60-93BC-3C8D1FB7B753}.Release|Any CPU.Build.0 = Release|Any CPU
		{EE853F6A-E2A3-49F4-8C73-EE24781F9478}.Debug|Any CPU.ActiveCfg = Debug|Any CPU
		{EE853F6A-E2A3-49F4-8C73-EE24781F9478}.Debug|Any CPU.Build.0 = Debug|Any CPU
		{EE853F6A-E2A3-49F4-8C73-EE24781F9478}.Release|Any CPU.ActiveCfg = Release|Any CPU
		{EE853F6A-E2A3-49F4-8C73-EE24781F9478}.Release|Any CPU.Build.0 = Release|Any CPU
	EndGlobalSection
	GlobalSection(SolutionProperties) = preSolution
		HideSolutionNode = FALSE
	EndGlobalSection
	GlobalSection(ExtensibilityGlobals) = postSolution
		SolutionGuid = {3E682876-3859-4CBE-AE06-092142262A1E}
	EndGlobalSection
EndGlobal
